
Microsoft Visual Studio Solution File, Format Version 12.00
# Visual Studio 15
VisualStudioVersion = 15.0.28307.960
MinimumVisualStudioVersion = 10.0.40219.1
Project("{FAE04EC0-301F-11D3-BF4B-00C04F79EFBC}") = "CollectionSortAndFilterExtension", "CollectionSortAndFilterExtension\CollectionSortAndFilterExtension.csproj", "{505D77FB-CE1B-4FC8-AAFF-D29E57F76680}"
EndProject
Global
	GlobalSection(SolutionConfigurationPlatforms) = preSolution
		Debug|Any CPU = Debug|Any CPU
		Release|Any CPU = Release|Any CPU
	EndGlobalSection
	GlobalSection(ProjectConfigurationPlatforms) = postSolution
		{505D77FB-CE1B-4FC8-AAFF-D29E57F76680}.Debug|Any CPU.ActiveCfg = Debug|Any CPU
		{505D77FB-CE1B-4FC8-AAFF-D29E57F76680}.Debug|Any CPU.Build.0 = Debug|Any CPU
		{505D77FB-CE1B-4FC8-AAFF-D29E57F76680}.Release|Any CPU.ActiveCfg = Release|Any CPU
		{505D77FB-CE1B-4FC8-AAFF-D29E57F76680}.Release|Any CPU.Build.0 = Release|Any CPU
	EndGlobalSection
	GlobalSection(SolutionProperties) = preSolution
		HideSolutionNode = FALSE
	EndGlobalSection
	GlobalSection(ExtensibilityGlobals) = postSolution
		SolutionGuid = {66A5930B-1552-4268-A9ED-4B0B8C9161D2}
	EndGlobalSection
EndGlobal
